
Microsoft Visual Studio Solution File, Format Version 12.00
# Visual Studio 14
VisualStudioVersion = 14.0.24720.0
MinimumVisualStudioVersion = 10.0.40219.1
Project("{FAE04EC0-301F-11D3-BF4B-00C04F79EFBC}") = "IHMWindows", "IHMWindows\IHMWindows.csproj", "{0F2D90BE-A1C0-426B-A31B-22C455C8DC29}"
	ProjectSection(ProjectDependencies) = postProject
		{A2515909-167B-4DFC-8090-A35275547A95} = {A2515909-167B-4DFC-8090-A35275547A95}
	EndProjectSection
EndProject
Project("{FAE04EC0-301F-11D3-BF4B-00C04F79EFBC}") = "BO", "BO\BO.csproj", "{D4C9D6F3-DFBB-497A-9186-54D06C042B4A}"
EndProject
Project("{FAE04EC0-301F-11D3-BF4B-00C04F79EFBC}") = "BLL", "BLL\BLL.csproj", "{8A153E1E-B293-4EC0-8AA4-B66B4B4B5815}"
EndProject
Project("{FAE04EC0-301F-11D3-BF4B-00C04F79EFBC}") = "IHMConsole", "IHMConsole\IHMConsole.csproj", "{9374CBFE-7E4D-4C8E-AC3C-F7FDB2F83F40}"
EndProject
Project("{FAE04EC0-301F-11D3-BF4B-00C04F79EFBC}") = "DAL", "DAL\DAL.csproj", "{A2515909-167B-4DFC-8090-A35275547A95}"
EndProject
Project("{FAE04EC0-301F-11D3-BF4B-00C04F79EFBC}") = "Outils", "Outils\Outils.csproj", "{BD415E59-0B21-4AAF-9472-805346CFA5A9}"
EndProject
Project("{FAE04EC0-301F-11D3-BF4B-00C04F79EFBC}") = "Test", "Test\Test.csproj", "{37495F5C-522E-4B14-B0C6-BC45FC03B69F}"
	ProjectSection(ProjectDependencies) = postProject
		{A2515909-167B-4DFC-8090-A35275547A95} = {A2515909-167B-4DFC-8090-A35275547A95}
		{8A153E1E-B293-4EC0-8AA4-B66B4B4B5815} = {8A153E1E-B293-4EC0-8AA4-B66B4B4B5815}
		{BD415E59-0B21-4AAF-9472-805346CFA5A9} = {BD415E59-0B21-4AAF-9472-805346CFA5A9}
		{D4C9D6F3-DFBB-497A-9186-54D06C042B4A} = {D4C9D6F3-DFBB-497A-9186-54D06C042B4A}
	EndProjectSection
EndProject
Project("{FAE04EC0-301F-11D3-BF4B-00C04F79EFBC}") = "TestIHMWindows", "TestIHMWindows\TestIHMWindows.csproj", "{4CF6E923-2639-4A31-BCDB-95A39D01320F}"
EndProject
Project("{FAE04EC0-301F-11D3-BF4B-00C04F79EFBC}") = "ArdoiseMagique.cs", "ArdoiseMagique.cs\ArdoiseMagique.cs.csproj", "{E0C5E86D-95F2-42BF-AA47-0A6E979E6ED8}"
EndProject
Project("{FAE04EC0-301F-11D3-BF4B-00C04F79EFBC}") = "BoiteDeDialogue.cs", "BoiteDeDialogue.cs\BoiteDeDialogue.cs.csproj", "{401060E1-F881-4882-8F67-7758B7A61C14}"
EndProject
Project("{FAE04EC0-301F-11D3-BF4B-00C04F79EFBC}") = "IhmServices.cs", "IhmServices.cs\IhmServices.cs.csproj", "{8492DDDC-F5EA-4D87-BC70-12C20AFAD0DB}"
EndProject
Global
	GlobalSection(SolutionConfigurationPlatforms) = preSolution
		Debug|Any CPU = Debug|Any CPU
		Release|Any CPU = Release|Any CPU
	EndGlobalSection
	GlobalSection(ProjectConfigurationPlatforms) = postSolution
		{0F2D90BE-A1C0-426B-A31B-22C455C8DC29}.Debug|Any CPU.ActiveCfg = Debug|Any CPU
		{0F2D90BE-A1C0-426B-A31B-22C455C8DC29}.Debug|Any CPU.Build.0 = Debug|Any CPU
		{0F2D90BE-A1C0-426B-A31B-22C455C8DC29}.Release|Any CPU.ActiveCfg = Release|Any CPU
		{0F2D90BE-A1C0-426B-A31B-22C455C8DC29}.Release|Any CPU.Build.0 = Release|Any CPU
		{D4C9D6F3-DFBB-497A-9186-54D06C042B4A}.Debug|Any CPU.ActiveCfg = Debug|Any CPU
		{D4C9D6F3-DFBB-497A-9186-54D06C042B4A}.Debug|Any CPU.Build.0 = Debug|Any CPU
		{D4C9D6F3-DFBB-497A-9186-54D06C042B4A}.Release|Any CPU.ActiveCfg = Release|Any CPU
		{D4C9D6F3-DFBB-497A-9186-54D06C042B4A}.Release|Any CPU.Build.0 = Release|Any CPU
		{8A153E1E-B293-4EC0-8AA4-B66B4B4B5815}.Debug|Any CPU.ActiveCfg = Debug|Any CPU
		{8A153E1E-B293-4EC0-8AA4-B66B4B4B5815}.Debug|Any CPU.Build.0 = Debug|Any CPU
		{8A153E1E-B293-4EC0-8AA4-B66B4B4B5815}.Release|Any CPU.ActiveCfg = Release|Any CPU
		{8A153E1E-B293-4EC0-8AA4-B66B4B4B5815}.Release|Any CPU.Build.0 = Release|Any CPU
		{9374CBFE-7E4D-4C8E-AC3C-F7FDB2F83F40}.Debug|Any CPU.ActiveCfg = Debug|Any CPU
		{9374CBFE-7E4D-4C8E-AC3C-F7FDB2F83F40}.Debug|Any CPU.Build.0 = Debug|Any CPU
		{9374CBFE-7E4D-4C8E-AC3C-F7FDB2F83F40}.Release|Any CPU.ActiveCfg = Release|Any CPU
		{9374CBFE-7E4D-4C8E-AC3C-F7FDB2F83F40}.Release|Any CPU.Build.0 = Release|Any CPU
		{A2515909-167B-4DFC-8090-A35275547A95}.Debug|Any CPU.ActiveCfg = Debug|Any CPU
		{A2515909-167B-4DFC-8090-A35275547A95}.Debug|Any CPU.Build.0 = Debug|Any CPU
		{A2515909-167B-4DFC-8090-A35275547A95}.Release|Any CPU.ActiveCfg = Release|Any CPU
		{A2515909-167B-4DFC-8090-A35275547A95}.Release|Any CPU.Build.0 = Release|Any CPU
		{BD415E59-0B21-4AAF-9472-805346CFA5A9}.Debug|Any CPU.ActiveCfg = Debug|Any CPU
		{BD415E59-0B21-4AAF-9472-805346CFA5A9}.Debug|Any CPU.Build.0 = Debug|Any CPU
		{BD415E59-0B21-4AAF-9472-805346CFA5A9}.Release|Any CPU.ActiveCfg = Release|Any CPU
		{BD415E59-0B21-4AAF-9472-805346CFA5A9}.Release|Any CPU.Build.0 = Release|Any CPU
		{37495F5C-522E-4B14-B0C6-BC45FC03B69F}.Debug|Any CPU.ActiveCfg = Debug|Any CPU
		{37495F5C-522E-4B14-B0C6-BC45FC03B69F}.Debug|Any CPU.Build.0 = Debug|Any CPU
		{37495F5C-522E-4B14-B0C6-BC45FC03B69F}.Release|Any CPU.ActiveCfg = Release|Any CPU
		{37495F5C-522E-4B14-B0C6-BC45FC03B69F}.Release|Any CPU.Build.0 = Release|Any CPU
		{4CF6E923-2639-4A31-BCDB-95A39D01320F}.Debug|Any CPU.ActiveCfg = Debug|Any CPU
		{4CF6E923-2639-4A31-BCDB-95A39D01320F}.Debug|Any CPU.Build.0 = Debug|Any CPU
		{4CF6E923-2639-4A31-BCDB-95A39D01320F}.Release|Any CPU.ActiveCfg = Release|Any CPU
		{4CF6E923-2639-4A31-BCDB-95A39D01320F}.Release|Any CPU.Build.0 = Release|Any CPU
		{E0C5E86D-95F2-42BF-AA47-0A6E979E6ED8}.Debug|Any CPU.ActiveCfg = Debug|Any CPU
		{E0C5E86D-95F2-42BF-AA47-0A6E979E6ED8}.Debug|Any CPU.Build.0 = Debug|Any CPU
		{E0C5E86D-95F2-42BF-AA47-0A6E979E6ED8}.Release|Any CPU.ActiveCfg = Release|Any CPU
		{E0C5E86D-95F2-42BF-AA47-0A6E979E6ED8}.Release|Any CPU.Build.0 = Release|Any CPU
		{401060E1-F881-4882-8F67-7758B7A61C14}.Debug|Any CPU.ActiveCfg = Debug|Any CPU
		{401060E1-F881-4882-8F67-7758B7A61C14}.Debug|Any CPU.Build.0 = Debug|Any CPU
		{401060E1-F881-4882-8F67-7758B7A61C14}.Release|Any CPU.ActiveCfg = Release|Any CPU
		{401060E1-F881-4882-8F67-7758B7A61C14}.Release|Any CPU.Build.0 = Release|Any CPU
		{8492DDDC-F5EA-4D87-BC70-12C20AFAD0DB}.Debug|Any CPU.ActiveCfg = Debug|Any CPU
		{8492DDDC-F5EA-4D87-BC70-12C20AFAD0DB}.Debug|Any CPU.Build.0 = Debug|Any CPU
		{8492DDDC-F5EA-4D87-BC70-12C20AFAD0DB}.Release|Any CPU.ActiveCfg = Release|Any CPU
		{8492DDDC-F5EA-4D87-BC70-12C20AFAD0DB}.Release|Any CPU.Build.0 = Release|Any CPU
	EndGlobalSection
	GlobalSection(SolutionProperties) = preSolution
		HideSolutionNode = FALSE
	EndGlobalSection
EndGlobal
